
Microsoft Visual Studio Solution File, Format Version 12.00
# Visual Studio 15
VisualStudioVersion = 15.0.27130.2010
MinimumVisualStudioVersion = 10.0.40219.1
Project("{9A19103F-16F7-4668-BE54-9A1E7A4F7556}") = "InAsync.Converter", "InAsync.Converter\InAsync.Converter.csproj", "{D1CE00B2-9165-41E6-9D96-5AAA9CC03DBD}"
EndProject
Project("{FAE04EC0-301F-11D3-BF4B-00C04F79EFBC}") = "InAsync.Converter.Tests", "InAsync.Converter.Tests\InAsync.Converter.Tests.csproj", "{812FFCCE-DD0C-45BD-BBBF-1B2AE8DA01DD}"
EndProject
Global
	GlobalSection(SolutionConfigurationPlatforms) = preSolution
		Debug|Any CPU = Debug|Any CPU
		Release|Any CPU = Release|Any CPU
	EndGlobalSection
	GlobalSection(ProjectConfigurationPlatforms) = postSolution
		{D1CE00B2-9165-41E6-9D96-5AAA9CC03DBD}.Debug|Any CPU.ActiveCfg = Debug|Any CPU
		{D1CE00B2-9165-41E6-9D96-5AAA9CC03DBD}.Debug|Any CPU.Build.0 = Debug|Any CPU
		{D1CE00B2-9165-41E6-9D96-5AAA9CC03DBD}.Release|Any CPU.ActiveCfg = Release|Any CPU
		{D1CE00B2-9165-41E6-9D96-5AAA9CC03DBD}.Release|Any CPU.Build.0 = Release|Any CPU
		{812FFCCE-DD0C-45BD-BBBF-1B2AE8DA01DD}.Debug|Any CPU.ActiveCfg = Debug|Any CPU
		{812FFCCE-DD0C-45BD-BBBF-1B2AE8DA01DD}.Debug|Any CPU.Build.0 = Debug|Any CPU
		{812FFCCE-DD0C-45BD-BBBF-1B2AE8DA01DD}.Release|Any CPU.ActiveCfg = Release|Any CPU
		{812FFCCE-DD0C-45BD-BBBF-1B2AE8DA01DD}.Release|Any CPU.Build.0 = Release|Any CPU
	EndGlobalSection
	GlobalSection(SolutionProperties) = preSolution
		HideSolutionNode = FALSE
	EndGlobalSection
	GlobalSection(ExtensibilityGlobals) = postSolution
		SolutionGuid = {261BDDDF-9E74-4B30-96E1-156A237B59C4}
	EndGlobalSection
EndGlobal
